<?xml version="1.0" encoding="UTF-8" standalone="yes" ?>
<CodeBlocks_project_file>
	<FileVersion major="1" minor="6" />
	<Project>
		<Option title="KQueryParserC++" />
		<Option pch_mode="2" />
		<Option compiler="gcc" />
		<Build>
			<Target title="Debug">
				<Option output="bin/Debug/KQueryParserC++" prefix_auto="1" extension_auto="1" />
				<Option object_output="obj/Debug/" />
				<Option type="1" />
				<Option compiler="gcc" />
				<Compiler>
					<Add option="-std=c++14" />
					<Add option="-g" />
					<Add directory="include" />
					<Add directory="include/parser" />
					<Add directory="include/runtime" />
					<Add directory="include/runtime/atn" />
					<Add directory="include/runtime/dfa" />
					<Add directory="include/runtime/misc" />
					<Add directory="include/runtime/support" />
					<Add directory="include/runtime/tree" />
					<Add directory="include/runtime/tree/pattern" />
					<Add directory="include/runtime/tree/xpath" />
					<Add directory="include/transfrom" />
				</Compiler>
			</Target>
			<Target title="Release">
				<Option output="bin/Release/KQueryParserC++" prefix_auto="1" extension_auto="1" />
				<Option object_output="obj/Release/" />
				<Option type="1" />
				<Option compiler="gcc" />
				<Compiler>
					<Add option="-O2" />
				</Compiler>
				<Linker>
					<Add option="-s" />
				</Linker>
			</Target>
		</Build>
		<Compiler>
			<Add option="-Wall" />
		</Compiler>
		<Unit filename="AboutDataStructure/ParseTree.txt" />
		<Unit filename="AboutDataStructure/Parser.txt" />
		<Unit filename="AboutDataStructure/ParserRuleContext.txt" />
		<Unit filename="AboutDataStructure/Trees.txt" />
		<Unit filename="include/parser/KQuery.tokens" />
		<Unit filename="include/parser/KQueryBaseListener.h" />
		<Unit filename="include/parser/KQueryBaseVisitor.h" />
		<Unit filename="include/parser/KQueryLexer.h" />
		<Unit filename="include/parser/KQueryLexer.tokens" />
		<Unit filename="include/parser/KQueryListener.h" />
		<Unit filename="include/parser/KQueryParser.h" />
		<Unit filename="include/parser/KQueryVisitor.h" />
		<Unit filename="include/runtime/ANTLRErrorListener.h" />
		<Unit filename="include/runtime/ANTLRErrorStrategy.h" />
		<Unit filename="include/runtime/ANTLRFileStream.h" />
		<Unit filename="include/runtime/ANTLRInputStream.h" />
		<Unit filename="include/runtime/BailErrorStrategy.h" />
		<Unit filename="include/runtime/BaseErrorListener.h" />
		<Unit filename="include/runtime/BufferedTokenStream.h" />
		<Unit filename="include/runtime/CharStream.h" />
		<Unit filename="include/runtime/CommonToken.h" />
		<Unit filename="include/runtime/CommonTokenFactory.h" />
		<Unit filename="include/runtime/CommonTokenStream.h" />
		<Unit filename="include/runtime/ConsoleErrorListener.h" />
		<Unit filename="include/runtime/DefaultErrorStrategy.h" />
		<Unit filename="include/runtime/DiagnosticErrorListener.h" />
		<Unit filename="include/runtime/Exceptions.h" />
		<Unit filename="include/runtime/FailedPredicateException.h" />
		<Unit filename="include/runtime/InputMismatchException.h" />
		<Unit filename="include/runtime/IntStream.h" />
		<Unit filename="include/runtime/InterpreterRuleContext.h" />
		<Unit filename="include/runtime/Lexer.h" />
		<Unit filename="include/runtime/LexerInterpreter.h" />
		<Unit filename="include/runtime/LexerNoViableAltException.h" />
		<Unit filename="include/runtime/ListTokenSource.h" />
		<Unit filename="include/runtime/NoViableAltException.h" />
		<Unit filename="include/runtime/Parser.h" />
		<Unit filename="include/runtime/ParserInterpreter.h" />
		<Unit filename="include/runtime/ParserRuleContext.h" />
		<Unit filename="include/runtime/ProxyErrorListener.h" />
		<Unit filename="include/runtime/RecognitionException.h" />
		<Unit filename="include/runtime/Recognizer.h" />
		<Unit filename="include/runtime/RuleContext.h" />
		<Unit filename="include/runtime/RuleContextWithAltNum.h" />
		<Unit filename="include/runtime/RuntimeMetaData.h" />
		<Unit filename="include/runtime/Token.h" />
		<Unit filename="include/runtime/TokenFactory.h" />
		<Unit filename="include/runtime/TokenSource.h" />
		<Unit filename="include/runtime/TokenStream.h" />
		<Unit filename="include/runtime/TokenStreamRewriter.h" />
		<Unit filename="include/runtime/UnbufferedCharStream.h" />
		<Unit filename="include/runtime/UnbufferedTokenStream.h" />
		<Unit filename="include/runtime/Vocabulary.h" />
		<Unit filename="include/runtime/WritableToken.h" />
		<Unit filename="include/runtime/antlr4-common.h" />
		<Unit filename="include/runtime/antlr4-runtime.h" />
		<Unit filename="include/runtime/atn/ATN.h" />
		<Unit filename="include/runtime/atn/ATNConfig.h" />
		<Unit filename="include/runtime/atn/ATNConfigSet.h" />
		<Unit filename="include/runtime/atn/ATNDeserializationOptions.h" />
		<Unit filename="include/runtime/atn/ATNDeserializer.h" />
		<Unit filename="include/runtime/atn/ATNSerializer.h" />
		<Unit filename="include/runtime/atn/ATNSimulator.h" />
		<Unit filename="include/runtime/atn/ATNState.h" />
		<Unit filename="include/runtime/atn/ATNType.h" />
		<Unit filename="include/runtime/atn/AbstractPredicateTransition.h" />
		<Unit filename="include/runtime/atn/ActionTransition.h" />
		<Unit filename="include/runtime/atn/AmbiguityInfo.h" />
		<Unit filename="include/runtime/atn/ArrayPredictionContext.h" />
		<Unit filename="include/runtime/atn/AtomTransition.h" />
		<Unit filename="include/runtime/atn/BasicBlockStartState.h" />
		<Unit filename="include/runtime/atn/BasicState.h" />
		<Unit filename="include/runtime/atn/BlockEndState.h" />
		<Unit filename="include/runtime/atn/BlockStartState.h" />
		<Unit filename="include/runtime/atn/ContextSensitivityInfo.h" />
		<Unit filename="include/runtime/atn/DecisionEventInfo.h" />
		<Unit filename="include/runtime/atn/DecisionInfo.h" />
		<Unit filename="include/runtime/atn/DecisionState.h" />
		<Unit filename="include/runtime/atn/EmptyPredictionContext.h" />
		<Unit filename="include/runtime/atn/EpsilonTransition.h" />
		<Unit filename="include/runtime/atn/ErrorInfo.h" />
		<Unit filename="include/runtime/atn/LL1Analyzer.h" />
		<Unit filename="include/runtime/atn/LexerATNConfig.h" />
		<Unit filename="include/runtime/atn/LexerATNSimulator.h" />
		<Unit filename="include/runtime/atn/LexerAction.h" />
		<Unit filename="include/runtime/atn/LexerActionExecutor.h" />
		<Unit filename="include/runtime/atn/LexerActionType.h" />
		<Unit filename="include/runtime/atn/LexerChannelAction.h" />
		<Unit filename="include/runtime/atn/LexerCustomAction.h" />
		<Unit filename="include/runtime/atn/LexerIndexedCustomAction.h" />
		<Unit filename="include/runtime/atn/LexerModeAction.h" />
		<Unit filename="include/runtime/atn/LexerMoreAction.h" />
		<Unit filename="include/runtime/atn/LexerPopModeAction.h" />
		<Unit filename="include/runtime/atn/LexerPushModeAction.h" />
		<Unit filename="include/runtime/atn/LexerSkipAction.h" />
		<Unit filename="include/runtime/atn/LexerTypeAction.h" />
		<Unit filename="include/runtime/atn/LookaheadEventInfo.h" />
		<Unit filename="include/runtime/atn/LoopEndState.h" />
		<Unit filename="include/runtime/atn/Makefile" />
		<Unit filename="include/runtime/atn/NotSetTransition.h" />
		<Unit filename="include/runtime/atn/OrderedATNConfigSet.h" />
		<Unit filename="include/runtime/atn/ParseInfo.h" />
		<Unit filename="include/runtime/atn/ParserATNSimulator.h" />
		<Unit filename="include/runtime/atn/PlusBlockStartState.h" />
		<Unit filename="include/runtime/atn/PlusLoopbackState.h" />
		<Unit filename="include/runtime/atn/PrecedencePredicateTransition.h" />
		<Unit filename="include/runtime/atn/PredicateEvalInfo.h" />
		<Unit filename="include/runtime/atn/PredicateTransition.h" />
		<Unit filename="include/runtime/atn/PredictionContext.h" />
		<Unit filename="include/runtime/atn/PredictionMode.h" />
		<Unit filename="include/runtime/atn/ProfilingATNSimulator.h" />
		<Unit filename="include/runtime/atn/RangeTransition.h" />
		<Unit filename="include/runtime/atn/RuleStartState.h" />
		<Unit filename="include/runtime/atn/RuleStopState.h" />
		<Unit filename="include/runtime/atn/RuleTransition.h" />
		<Unit filename="include/runtime/atn/SemanticContext.h" />
		<Unit filename="include/runtime/atn/SetTransition.h" />
		<Unit filename="include/runtime/atn/SingletonPredictionContext.h" />
		<Unit filename="include/runtime/atn/StarBlockStartState.h" />
		<Unit filename="include/runtime/atn/StarLoopEntryState.h" />
		<Unit filename="include/runtime/atn/StarLoopbackState.h" />
		<Unit filename="include/runtime/atn/TokensStartState.h" />
		<Unit filename="include/runtime/atn/Transition.h" />
		<Unit filename="include/runtime/atn/WildcardTransition.h" />
		<Unit filename="include/runtime/dfa/DFA.h" />
		<Unit filename="include/runtime/dfa/DFASerializer.h" />
		<Unit filename="include/runtime/dfa/DFAState.h" />
		<Unit filename="include/runtime/dfa/LexerDFASerializer.h" />
		<Unit filename="include/runtime/misc/Interval.h" />
		<Unit filename="include/runtime/misc/IntervalSet.h" />
		<Unit filename="include/runtime/misc/MurmurHash.h" />
		<Unit filename="include/runtime/misc/Predicate.h" />
		<Unit filename="include/runtime/support/Any.h" />
		<Unit filename="include/runtime/support/Arrays.h" />
		<Unit filename="include/runtime/support/BitSet.h" />
		<Unit filename="include/runtime/support/CPPUtils.h" />
		<Unit filename="include/runtime/support/Declarations.h" />
		<Unit filename="include/runtime/support/StringUtils.h" />
		<Unit filename="include/runtime/support/guid.h" />
		<Unit filename="include/runtime/tree/AbstractParseTreeVisitor.h" />
		<Unit filename="include/runtime/tree/ErrorNode.h" />
		<Unit filename="include/runtime/tree/ErrorNodeImpl.h" />
		<Unit filename="include/runtime/tree/IterativeParseTreeWalker.h" />
		<Unit filename="include/runtime/tree/ParseTree.h" />
		<Unit filename="include/runtime/tree/ParseTreeListener.h" />
		<Unit filename="include/runtime/tree/ParseTreeProperty.h" />
		<Unit filename="include/runtime/tree/ParseTreeVisitor.h" />
		<Unit filename="include/runtime/tree/ParseTreeWalker.h" />
		<Unit filename="include/runtime/tree/TerminalNode.h" />
		<Unit filename="include/runtime/tree/TerminalNodeImpl.h" />
		<Unit filename="include/runtime/tree/Trees.h" />
		<Unit filename="include/runtime/tree/pattern/Chunk.h" />
		<Unit filename="include/runtime/tree/pattern/ParseTreeMatch.h" />
		<Unit filename="include/runtime/tree/pattern/ParseTreePattern.h" />
		<Unit filename="include/runtime/tree/pattern/ParseTreePatternMatcher.h" />
		<Unit filename="include/runtime/tree/pattern/RuleTagToken.h" />
		<Unit filename="include/runtime/tree/pattern/TagChunk.h" />
		<Unit filename="include/runtime/tree/pattern/TextChunk.h" />
		<Unit filename="include/runtime/tree/pattern/TokenTagToken.h" />
		<Unit filename="include/runtime/tree/xpath/XPath.h" />
		<Unit filename="include/runtime/tree/xpath/XPathElement.h" />
		<Unit filename="include/runtime/tree/xpath/XPathLexer.g4" />
		<Unit filename="include/runtime/tree/xpath/XPathLexer.h" />
		<Unit filename="include/runtime/tree/xpath/XPathLexer.tokens" />
		<Unit filename="include/runtime/tree/xpath/XPathLexerErrorListener.h" />
		<Unit filename="include/runtime/tree/xpath/XPathRuleAnywhereElement.h" />
		<Unit filename="include/runtime/tree/xpath/XPathRuleElement.h" />
		<Unit filename="include/runtime/tree/xpath/XPathTokenAnywhereElement.h" />
		<Unit filename="include/runtime/tree/xpath/XPathTokenElement.h" />
		<Unit filename="include/runtime/tree/xpath/XPathWildcardAnywhereElement.h" />
		<Unit filename="include/runtime/tree/xpath/XPathWildcardElement.h" />
		<Unit filename="include/transfrom/ArrayElement.h" />
		<Unit filename="include/transfrom/Expression.h" />
		<Unit filename="include/transfrom/GlobalFunction.h" />
		<Unit filename="include/transfrom/IDInfo.h" />
		<Unit filename="include/transfrom/IntervalPoint.h" />
		<Unit filename="include/transfrom/InverseIIBasedOI.h" />
		<Unit filename="include/transfrom/InverseIIBasedOIBuilder.h" />
		<Unit filename="include/transfrom/LFFBuilder.h" />
		<Unit filename="include/transfrom/PLFFBuilder.h" />
		<Unit filename="include/transfrom/Solver.h" />
		<Unit filename="include/transfrom/SymbolicVar.h" />
		<Unit filename="include/transfrom/Transform.h" />
		<Unit filename="src/main.cpp" />
		<Unit filename="src/one.kquery" />
		<Unit filename="src/parser/KQueryBaseListener.cpp" />
		<Unit filename="src/parser/KQueryBaseVisitor.cpp" />
		<Unit filename="src/parser/KQueryLexer.cpp" />
		<Unit filename="src/parser/KQueryListener.cpp" />
		<Unit filename="src/parser/KQueryParser.cpp" />
		<Unit filename="src/parser/KQueryVisitor.cpp" />
		<Unit filename="src/runtime/ANTLRFileStream.cpp" />
		<Unit filename="src/runtime/ANTLRInputStream.cpp" />
		<Unit filename="src/runtime/ATN.cpp" />
		<Unit filename="src/runtime/ATNConfig.cpp" />
		<Unit filename="src/runtime/ATNConfigSet.cpp" />
		<Unit filename="src/runtime/ATNDeserializationOptions.cpp" />
		<Unit filename="src/runtime/ATNDeserializer.cpp" />
		<Unit filename="src/runtime/ATNSerializer.cpp" />
		<Unit filename="src/runtime/ATNSimulator.cpp" />
		<Unit filename="src/runtime/ATNState.cpp" />
		<Unit filename="src/runtime/AbstractPredicateTransition.cpp" />
		<Unit filename="src/runtime/ActionTransition.cpp" />
		<Unit filename="src/runtime/AmbiguityInfo.cpp" />
		<Unit filename="src/runtime/ArrayPredictionContext.cpp" />
		<Unit filename="src/runtime/Arrays.cpp" />
		<Unit filename="src/runtime/AtomTransition.cpp" />
		<Unit filename="src/runtime/BailErrorStrategy.cpp" />
		<Unit filename="src/runtime/BaseErrorListener.cpp" />
		<Unit filename="src/runtime/BasicBlockStartState.cpp" />
		<Unit filename="src/runtime/BasicState.cpp" />
		<Unit filename="src/runtime/BlockEndState.cpp" />
		<Unit filename="src/runtime/BufferedTokenStream.cpp" />
		<Unit filename="src/runtime/CPPUtils.cpp" />
		<Unit filename="src/runtime/CharStream.cpp" />
		<Unit filename="src/runtime/CommonToken.cpp" />
		<Unit filename="src/runtime/CommonTokenFactory.cpp" />
		<Unit filename="src/runtime/CommonTokenStream.cpp" />
		<Unit filename="src/runtime/ConsoleErrorListener.cpp" />
		<Unit filename="src/runtime/ContextSensitivityInfo.cpp" />
		<Unit filename="src/runtime/DFA.cpp" />
		<Unit filename="src/runtime/DFASerializer.cpp" />
		<Unit filename="src/runtime/DFAState.cpp" />
		<Unit filename="src/runtime/DecisionEventInfo.cpp" />
		<Unit filename="src/runtime/DecisionInfo.cpp" />
		<Unit filename="src/runtime/DecisionState.cpp" />
		<Unit filename="src/runtime/DefaultErrorStrategy.cpp" />
		<Unit filename="src/runtime/DiagnosticErrorListener.cpp" />
		<Unit filename="src/runtime/EmptyPredictionContext.cpp" />
		<Unit filename="src/runtime/EpsilonTransition.cpp" />
		<Unit filename="src/runtime/ErrorInfo.cpp" />
		<Unit filename="src/runtime/ErrorNodeImpl.cpp" />
		<Unit filename="src/runtime/Exceptions.cpp" />
		<Unit filename="src/runtime/FailedPredicateException.cpp" />
		<Unit filename="src/runtime/InputMismatchException.cpp" />
		<Unit filename="src/runtime/IntStream.cpp" />
		<Unit filename="src/runtime/InterpreterRuleContext.cpp" />
		<Unit filename="src/runtime/Interval.cpp" />
		<Unit filename="src/runtime/IntervalSet.cpp" />
		<Unit filename="src/runtime/IterativeParseTreeWalker.cpp" />
		<Unit filename="src/runtime/LL1Analyzer.cpp" />
		<Unit filename="src/runtime/Lexer.cpp" />
		<Unit filename="src/runtime/LexerATNConfig.cpp" />
		<Unit filename="src/runtime/LexerATNSimulator.cpp" />
		<Unit filename="src/runtime/LexerActionExecutor.cpp" />
		<Unit filename="src/runtime/LexerChannelAction.cpp" />
		<Unit filename="src/runtime/LexerCustomAction.cpp" />
		<Unit filename="src/runtime/LexerDFASerializer.cpp" />
		<Unit filename="src/runtime/LexerIndexedCustomAction.cpp" />
		<Unit filename="src/runtime/LexerInterpreter.cpp" />
		<Unit filename="src/runtime/LexerModeAction.cpp" />
		<Unit filename="src/runtime/LexerMoreAction.cpp" />
		<Unit filename="src/runtime/LexerNoViableAltException.cpp" />
		<Unit filename="src/runtime/LexerPopModeAction.cpp" />
		<Unit filename="src/runtime/LexerPushModeAction.cpp" />
		<Unit filename="src/runtime/LexerSkipAction.cpp" />
		<Unit filename="src/runtime/LexerTypeAction.cpp" />
		<Unit filename="src/runtime/ListTokenSource.cpp" />
		<Unit filename="src/runtime/LookaheadEventInfo.cpp" />
		<Unit filename="src/runtime/LoopEndState.cpp" />
		<Unit filename="src/runtime/MurmurHash.cpp" />
		<Unit filename="src/runtime/NoViableAltException.cpp" />
		<Unit filename="src/runtime/NotSetTransition.cpp" />
		<Unit filename="src/runtime/OrderedATNConfigSet.cpp" />
		<Unit filename="src/runtime/ParseInfo.cpp" />
		<Unit filename="src/runtime/ParseTree.cpp" />
		<Unit filename="src/runtime/ParseTreeMatch.cpp" />
		<Unit filename="src/runtime/ParseTreePattern.cpp" />
		<Unit filename="src/runtime/ParseTreePatternMatcher.cpp" />
		<Unit filename="src/runtime/ParseTreeWalker.cpp" />
		<Unit filename="src/runtime/Parser.cpp" />
		<Unit filename="src/runtime/ParserATNSimulator.cpp" />
		<Unit filename="src/runtime/ParserInterpreter.cpp" />
		<Unit filename="src/runtime/ParserRuleContext.cpp" />
		<Unit filename="src/runtime/PlusBlockStartState.cpp" />
		<Unit filename="src/runtime/PlusLoopbackState.cpp" />
		<Unit filename="src/runtime/PrecedencePredicateTransition.cpp" />
		<Unit filename="src/runtime/PredicateEvalInfo.cpp" />
		<Unit filename="src/runtime/PredicateTransition.cpp" />
		<Unit filename="src/runtime/PredictionContext.cpp" />
		<Unit filename="src/runtime/PredictionMode.cpp" />
		<Unit filename="src/runtime/ProfilingATNSimulator.cpp" />
		<Unit filename="src/runtime/ProxyErrorListener.cpp" />
		<Unit filename="src/runtime/RangeTransition.cpp" />
		<Unit filename="src/runtime/RecognitionException.cpp" />
		<Unit filename="src/runtime/Recognizer.cpp" />
		<Unit filename="src/runtime/RuleContext.cpp" />
		<Unit filename="src/runtime/RuleContextWithAltNum.cpp" />
		<Unit filename="src/runtime/RuleStartState.cpp" />
		<Unit filename="src/runtime/RuleStopState.cpp" />
		<Unit filename="src/runtime/RuleTagToken.cpp" />
		<Unit filename="src/runtime/RuleTransition.cpp" />
		<Unit filename="src/runtime/RuntimeMetaData.cpp" />
		<Unit filename="src/runtime/SemanticContext.cpp" />
		<Unit filename="src/runtime/SetTransition.cpp" />
		<Unit filename="src/runtime/SingletonPredictionContext.cpp" />
		<Unit filename="src/runtime/StarBlockStartState.cpp" />
		<Unit filename="src/runtime/StarLoopEntryState.cpp" />
		<Unit filename="src/runtime/StarLoopbackState.cpp" />
		<Unit filename="src/runtime/StringUtils.cpp" />
		<Unit filename="src/runtime/TagChunk.cpp" />
		<Unit filename="src/runtime/TerminalNodeImpl.cpp" />
		<Unit filename="src/runtime/TextChunk.cpp" />
		<Unit filename="src/runtime/TokenStream.cpp" />
		<Unit filename="src/runtime/TokenStreamRewriter.cpp" />
		<Unit filename="src/runtime/TokenTagToken.cpp" />
		<Unit filename="src/runtime/TokensStartState.cpp" />
		<Unit filename="src/runtime/Transition.cpp" />
		<Unit filename="src/runtime/Trees.cpp" />
		<Unit filename="src/runtime/UnbufferedCharStream.cpp" />
		<Unit filename="src/runtime/UnbufferedTokenStream.cpp" />
		<Unit filename="src/runtime/Vocabulary.cpp" />
		<Unit filename="src/runtime/WildcardTransition.cpp" />
		<Unit filename="src/runtime/XPath.cpp" />
		<Unit filename="src/runtime/XPathElement.cpp" />
		<Unit filename="src/runtime/XPathLexer.cpp" />
		<Unit filename="src/runtime/XPathLexerErrorListener.cpp" />
		<Unit filename="src/runtime/XPathRuleAnywhereElement.cpp" />
		<Unit filename="src/runtime/XPathRuleElement.cpp" />
		<Unit filename="src/runtime/XPathTokenAnywhereElement.cpp" />
		<Unit filename="src/runtime/XPathTokenElement.cpp" />
		<Unit filename="src/runtime/XPathWildcardAnywhereElement.cpp" />
		<Unit filename="src/runtime/XPathWildcardElement.cpp" />
		<Unit filename="src/runtime/guid.cpp" />
		<Unit filename="src/transfrom/Expression.cpp" />
		<Unit filename="src/transfrom/IntervalPoint.cpp" />
		<Unit filename="src/transfrom/InverseIIBasedOI.cpp" />
		<Unit filename="src/transfrom/InverseIIBasedOIBuilder.cpp" />
		<Unit filename="src/transfrom/LFFBuilder.cpp" />
		<Unit filename="src/transfrom/PLFFBuilder.cpp" />
		<Unit filename="src/transfrom/Solver.cpp" />
		<Unit filename="src/transfrom/SymbolicVar.cpp" />
		<Unit filename="src/transfrom/Transform.cpp" />
		<Extensions>
			<envvars />
			<code_completion />
			<lib_finder disable_auto="1" />
			<debugger />
		</Extensions>
	</Project>
</CodeBlocks_project_file>
